
Microsoft Visual Studio Solution File, Format Version 12.00
# Visual Studio 15
VisualStudioVersion = 15.0.27130.2027
MinimumVisualStudioVersion = 10.0.40219.1
Project("{FAE04EC0-301F-11D3-BF4B-00C04F79EFBC}") = "Day", "Day\Day.csproj", "{3825CCAD-DBE5-4649-8AD7-837AA61F791A}"
EndProject
Project("{2150E333-8FDC-42A3-9474-1A3956D46DE8}") = "Solution Items", "Solution Items", "{F28FBE27-E566-4A97-A927-CC89391A7BDB}"
	ProjectSection(SolutionItems) = preProject
		Day01.cs = Day01.cs
		Day02.cs = Day02.cs
		Day03.cs = Day03.cs
		Day04.cs = Day04.cs
	EndProjectSection
EndProject
Global
	GlobalSection(SolutionConfigurationPlatforms) = preSolution
		Debug|Any CPU = Debug|Any CPU
		Release|Any CPU = Release|Any CPU
	EndGlobalSection
	GlobalSection(ProjectConfigurationPlatforms) = postSolution
		{3825CCAD-DBE5-4649-8AD7-837AA61F791A}.Debug|Any CPU.ActiveCfg = Debug|Any CPU
		{3825CCAD-DBE5-4649-8AD7-837AA61F791A}.Debug|Any CPU.Build.0 = Debug|Any CPU
		{3825CCAD-DBE5-4649-8AD7-837AA61F791A}.Release|Any CPU.ActiveCfg = Release|Any CPU
		{3825CCAD-DBE5-4649-8AD7-837AA61F791A}.Release|Any CPU.Build.0 = Release|Any CPU
	EndGlobalSection
	GlobalSection(SolutionProperties) = preSolution
		HideSolutionNode = FALSE
	EndGlobalSection
	GlobalSection(ExtensibilityGlobals) = postSolution
		SolutionGuid = {F78C9D9E-EE14-4FB1-92B0-42BFFB8BC604}
	EndGlobalSection
EndGlobal
